{
  "name": "nature-observation-miniprogram",
  "lockfileVersion": 3,
  "requires": true,
  "packages": {
    "": {
      "dependencies": {
        "pure-uuid": "^1.8.1",
        "tdesign-miniprogram": "^1.2.5"
      }
    },
    "node_modules/dayjs": {
      "version": "1.11.10",
      "resolved": "https://registry.npmmirror.com/dayjs/-/dayjs-1.11.10.tgz",
      "integrity": "sha512-vjAczensTgRcqDERK0SR2XMwsF/tSvnvlv6VcF2GIhg6Sx4yOIt/irsr1RDJsKiIyBzJDpCoXiWWq28MqH2cnQ=="
    },
    "node_modules/pure-uuid": {
      "version": "1.8.1",
      "resolved": "https://registry.npmjs.org/pure-uuid/-/pure-uuid-1.8.1.tgz",
      "integrity": "sha512-PIwHXU7NZb/wTBwUfzCSjI85tfwx6DQOm74sRLtNLH8KHsFZEvAQbBQdz7E5ij8SNSv9WGdQPWiiM6NpNIeNfA==",
      "engines": {
        "node": ">=8.0.0"
      }
    },
    "node_modules/tdesign-miniprogram": {
      "version": "1.2.5",
      "resolved": "https://registry.npmmirror.com/tdesign-miniprogram/-/tdesign-miniprogram-1.2.5.tgz",
      "integrity": "sha512-3cAde9BQCKyBMSGQW6fmbUL/KYq9fGHKPn9I5i7Ebcdhj5lqEj5Hg4jvu3W0qaS+z6EhpjGUmbckv76NYqWcBQ==",
      "dependencies": {
        "dayjs": "^1.10.7"
      }
    }
  }
}
